// !$*UTF8*$!
{
	archiveVersion = 1;
	classes = {
	};
	objectVersion = 50;
	objects = {

/* Begin PBXBuildFile section */
		1458C91524AABD2C0018477C /* System.swift in Sources */ = {isa = PBXBuildFile; fileRef = 1458C91424AABD2C0018477C /* System.swift */; };
		14FC633C247C9FE500E9B7BA /* main.swift in Sources */ = {isa = PBXBuildFile; fileRef = 14FC633B247C9FE500E9B7BA /* main.swift */; };
		14FC6340247C9FE500E9B7BA /* Assets.xcassets in Resources */ = {isa = PBXBuildFile; fileRef = 14FC633F247C9FE500E9B7BA /* Assets.xcassets */; };
		14FC634C247CC61D00E9B7BA /* RXConnectionManager.swift in Sources */ = {isa = PBXBuildFile; fileRef = 14FC634B247CC61D00E9B7BA /* RXConnectionManager.swift */; };
		14FC6355247CF21200E9B7BA /* Helpers.swift in Sources */ = {isa = PBXBuildFile; fileRef = 14FC6354247CF21200E9B7BA /* Helpers.swift */; };
		14FE3CFD24E88F4E00B5DE33 /* RXKit.framework in Frameworks */ = {isa = PBXBuildFile; fileRef = 14FE3CF424E88F3300B5DE33 /* RXKit.framework */; };
		14FE3CFE24E88F5200B5DE33 /* RXKit.framework in Embed Frameworks */ = {isa = PBXBuildFile; fileRef = 14FE3CF424E88F3300B5DE33 /* RXKit.framework */; settings = {ATTRIBUTES = (CodeSignOnCopy, RemoveHeadersOnCopy, ); }; };
/* End PBXBuildFile section */

/* Begin PBXContainerItemProxy section */
		14FE3CF324E88F3300B5DE33 /* PBXContainerItemProxy */ = {
			isa = PBXContainerItemProxy;
			containerPortal = 14FE3CEF24E88F3300B5DE33 /* RXKit.xcodeproj */;
			proxyType = 2;
			remoteGlobalIDString = 14FC630A247C921200E9B7BA;
			remoteInfo = RXKit;
		};
		14FE3CFB24E88F4A00B5DE33 /* PBXContainerItemProxy */ = {
			isa = PBXContainerItemProxy;
			containerPortal = 14FE3CEF24E88F3300B5DE33 /* RXKit.xcodeproj */;
			proxyType = 1;
			remoteGlobalIDString = 14FC6309247C921200E9B7BA;
			remoteInfo = RXKit;
		};
/* End PBXContainerItemProxy section */

/* Begin PBXCopyFilesBuildPhase section */
		14FC6353247CCB7700E9B7BA /* Embed Frameworks */ = {
			isa = PBXCopyFilesBuildPhase;
			buildActionMask = 2147483647;
			dstPath = "";
			dstSubfolderSpec = 10;
			files = (
				14FE3CFE24E88F5200B5DE33 /* RXKit.framework in Embed Frameworks */,
			);
			name = "Embed Frameworks";
			runOnlyForDeploymentPostprocessing = 0;
		};
/* End PBXCopyFilesBuildPhase section */

/* Begin PBXFileReference section */
		1458C91424AABD2C0018477C /* System.swift */ = {isa = PBXFileReference; lastKnownFileType = sourcecode.swift; path = System.swift; sourceTree = "<group>"; };
		14FC6338247C9FE500E9B7BA /* RXd.app */ = {isa = PBXFileReference; explicitFileType = wrapper.application; includeInIndex = 0; path = RXd.app; sourceTree = BUILT_PRODUCTS_DIR; };
		14FC633B247C9FE500E9B7BA /* main.swift */ = {isa = PBXFileReference; lastKnownFileType = sourcecode.swift; path = main.swift; sourceTree = "<group>"; };
		14FC633F247C9FE500E9B7BA /* Assets.xcassets */ = {isa = PBXFileReference; lastKnownFileType = folder.assetcatalog; path = Assets.xcassets; sourceTree = "<group>"; };
		14FC6344247C9FE500E9B7BA /* Info.plist */ = {isa = PBXFileReference; lastKnownFileType = text.plist.xml; path = Info.plist; sourceTree = "<group>"; };
		14FC6345247C9FE500E9B7BA /* RXd.entitlements */ = {isa = PBXFileReference; lastKnownFileType = text.plist.entitlements; path = RXd.entitlements; sourceTree = "<group>"; };
		14FC634B247CC61D00E9B7BA /* RXConnectionManager.swift */ = {isa = PBXFileReference; lastKnownFileType = sourcecode.swift; path = RXConnectionManager.swift; sourceTree = "<group>"; };
		14FC6354247CF21200E9B7BA /* Helpers.swift */ = {isa = PBXFileReference; lastKnownFileType = sourcecode.swift; path = Helpers.swift; sourceTree = "<group>"; };
		14FE3CEF24E88F3300B5DE33 /* RXKit.xcodeproj */ = {isa = PBXFileReference; lastKnownFileType = "wrapper.pb-project"; path = RXKit.xcodeproj; sourceTree = "<group>"; };
/* End PBXFileReference section */

/* Begin PBXFrameworksBuildPhase section */
		14FC6335247C9FE500E9B7BA /* Frameworks */ = {
			isa = PBXFrameworksBuildPhase;
			buildActionMask = 2147483647;
			files = (
				14FE3CFD24E88F4E00B5DE33 /* RXKit.framework in Frameworks */,
			);
			runOnlyForDeploymentPostprocessing = 0;
		};
/* End PBXFrameworksBuildPhase section */

/* Begin PBXGroup section */
		14FC632F247C9FE500E9B7BA = {
			isa = PBXGroup;
			children = (
				14FC633A247C9FE500E9B7BA /* RXd */,
				14FC6339247C9FE500E9B7BA /* Products */,
				14FC634F247CCB7700E9B7BA /* Frameworks */,
			);
			sourceTree = "<group>";
		};
		14FC6339247C9FE500E9B7BA /* Products */ = {
			isa = PBXGroup;
			children = (
				14FC6338247C9FE500E9B7BA /* RXd.app */,
			);
			name = Products;
			sourceTree = "<group>";
		};
		14FC633A247C9FE500E9B7BA /* RXd */ = {
			isa = PBXGroup;
			children = (
				14FC633B247C9FE500E9B7BA /* main.swift */,
				14FC6354247CF21200E9B7BA /* Helpers.swift */,
				1458C91424AABD2C0018477C /* System.swift */,
				14FC634B247CC61D00E9B7BA /* RXConnectionManager.swift */,
				14FC633F247C9FE500E9B7BA /* Assets.xcassets */,
				14FC6344247C9FE500E9B7BA /* Info.plist */,
				14FC6345247C9FE500E9B7BA /* RXd.entitlements */,
			);
			path = RXd;
			sourceTree = "<group>";
		};
		14FC634F247CCB7700E9B7BA /* Frameworks */ = {
			isa = PBXGroup;
			children = (
				14FE3CEF24E88F3300B5DE33 /* RXKit.xcodeproj */,
			);
			name = Frameworks;
			sourceTree = "<group>";
		};
		14FE3CF024E88F3300B5DE33 /* Products */ = {
			isa = PBXGroup;
			children = (
				14FE3CF424E88F3300B5DE33 /* RXKit.framework */,
			);
			name = Products;
			sourceTree = "<group>";
		};
/* End PBXGroup section */

/* Begin PBXNativeTarget section */
		14FC6337247C9FE500E9B7BA /* RXd */ = {
			isa = PBXNativeTarget;
			buildConfigurationList = 14FC6348247C9FE500E9B7BA /* Build configuration list for PBXNativeTarget "RXd" */;
			buildPhases = (
				14FC6334247C9FE500E9B7BA /* Sources */,
				14FC6335247C9FE500E9B7BA /* Frameworks */,
				14FC6336247C9FE500E9B7BA /* Resources */,
				14FC6353247CCB7700E9B7BA /* Embed Frameworks */,
			);
			buildRules = (
			);
			dependencies = (
				14FE3CFC24E88F4A00B5DE33 /* PBXTargetDependency */,
			);
			name = RXd;
			productName = "R1 Helper";
			productReference = 14FC6338247C9FE500E9B7BA /* RXd.app */;
			productType = "com.apple.product-type.application";
		};
/* End PBXNativeTarget section */

/* Begin PBXProject section */
		14FC6330247C9FE500E9B7BA /* Project object */ = {
			isa = PBXProject;
			attributes = {
				LastSwiftUpdateCheck = 1150;
				LastUpgradeCheck = 1200;
				ORGANIZATIONNAME = "Andrew Finke";
				TargetAttributes = {
					14FC6337247C9FE500E9B7BA = {
						CreatedOnToolsVersion = 11.5;
					};
				};
			};
			buildConfigurationList = 14FC6333247C9FE500E9B7BA /* Build configuration list for PBXProject "RXd" */;
			compatibilityVersion = "Xcode 9.3";
			developmentRegion = en;
			hasScannedForEncodings = 0;
			knownRegions = (
				en,
				Base,
			);
			mainGroup = 14FC632F247C9FE500E9B7BA;
			productRefGroup = 14FC6339247C9FE500E9B7BA /* Products */;
			projectDirPath = "";
			projectReferences = (
				{
					ProductGroup = 14FE3CF024E88F3300B5DE33 /* Products */;
					ProjectRef = 14FE3CEF24E88F3300B5DE33 /* RXKit.xcodeproj */;
				},
			);
			projectRoot = "";
			targets = (
				14FC6337247C9FE500E9B7BA /* RXd */,
			);
		};
/* End PBXProject section */

/* Begin PBXReferenceProxy section */
		14FE3CF424E88F3300B5DE33 /* RXKit.framework */ = {
			isa = PBXReferenceProxy;
			fileType = wrapper.framework;
			path = RXKit.framework;
			remoteRef = 14FE3CF324E88F3300B5DE33 /* PBXContainerItemProxy */;
			sourceTree = BUILT_PRODUCTS_DIR;
		};
/* End PBXReferenceProxy section */

/* Begin PBXResourcesBuildPhase section */
		14FC6336247C9FE500E9B7BA /* Resources */ = {
			isa = PBXResourcesBuildPhase;
			buildActionMask = 2147483647;
			files = (
				14FC6340247C9FE500E9B7BA /* Assets.xcassets in Resources */,
			);
			runOnlyForDeploymentPostprocessing = 0;
		};
/* End PBXResourcesBuildPhase section */

/* Begin PBXSourcesBuildPhase section */
		14FC6334247C9FE500E9B7BA /* Sources */ = {
			isa = PBXSourcesBuildPhase;
			buildActionMask = 2147483647;
			files = (
				1458C91524AABD2C0018477C /* System.swift in Sources */,
				14FC634C247CC61D00E9B7BA /* RXConnectionManager.swift in Sources */,
				14FC633C247C9FE500E9B7BA /* main.swift in Sources */,
				14FC6355247CF21200E9B7BA /* Helpers.swift in Sources */,
			);
			runOnlyForDeploymentPostprocessing = 0;
		};
/* End PBXSourcesBuildPhase section */

/* Begin PBXTargetDependency section */
		14FE3CFC24E88F4A00B5DE33 /* PBXTargetDependency */ = {
			isa = PBXTargetDependency;
			name = RXKit;
			targetProxy = 14FE3CFB24E88F4A00B5DE33 /* PBXContainerItemProxy */;
		};
/* End PBXTargetDependency section */

/* Begin XCBuildConfiguration section */
		14FC6346247C9FE500E9B7BA /* Debug */ = {
			isa = XCBuildConfiguration;
			buildSettings = {
				ALWAYS_SEARCH_USER_PATHS = NO;
				CLANG_ANALYZER_NONNULL = YES;
				CLANG_ANALYZER_NUMBER_OBJECT_CONVERSION = YES_AGGRESSIVE;
				CLANG_CXX_LANGUAGE_STANDARD = "gnu++14";
				CLANG_CXX_LIBRARY = "libc++";
				CLANG_ENABLE_MODULES = YES;
				CLANG_ENABLE_OBJC_ARC = YES;
				CLANG_ENABLE_OBJC_WEAK = YES;
				CLANG_WARN_BLOCK_CAPTURE_AUTORELEASING = YES;
				CLANG_WARN_BOOL_CONVERSION = YES;
				CLANG_WARN_COMMA = YES;
				CLANG_WARN_CONSTANT_CONVERSION = YES;
				CLANG_WARN_DEPRECATED_OBJC_IMPLEMENTATIONS = YES;
				CLANG_WARN_DIRECT_OBJC_ISA_USAGE = YES_ERROR;
				CLANG_WARN_DOCUMENTATION_COMMENTS = YES;
				CLANG_WARN_EMPTY_BODY = YES;
				CLANG_WARN_ENUM_CONVERSION = YES;
				CLANG_WARN_INFINITE_RECURSION = YES;
				CLANG_WARN_INT_CONVERSION = YES;
				CLANG_WARN_NON_LITERAL_NULL_CONVERSION = YES;
				CLANG_WARN_OBJC_IMPLICIT_RETAIN_SELF = YES;
				CLANG_WARN_OBJC_LITERAL_CONVERSION = YES;
				CLANG_WARN_OBJC_ROOT_CLASS = YES_ERROR;
				CLANG_WARN_QUOTED_INCLUDE_IN_FRAMEWORK_HEADER = YES;
				CLANG_WARN_RANGE_LOOP_ANALYSIS = YES;
				CLANG_WARN_STRICT_PROTOTYPES = YES;
				CLANG_WARN_SUSPICIOUS_MOVE = YES;
				CLANG_WARN_UNGUARDED_AVAILABILITY = YES_AGGRESSIVE;
				CLANG_WARN_UNREACHABLE_CODE = YES;
				CLANG_WARN__DUPLICATE_METHOD_MATCH = YES;
				COPY_PHASE_STRIP = NO;
				DEBUG_INFORMATION_FORMAT = dwarf;
				ENABLE_STRICT_OBJC_MSGSEND = YES;
				ENABLE_TESTABILITY = YES;
				GCC_C_LANGUAGE_STANDARD = gnu11;
				GCC_DYNAMIC_NO_PIC = NO;
				GCC_NO_COMMON_BLOCKS = YES;
				GCC_OPTIMIZATION_LEVEL = 0;
				GCC_PREPROCESSOR_DEFINITIONS = (
					"DEBUG=1",
					"$(inherited)",
				);
				GCC_WARN_64_TO_32_BIT_CONVERSION = YES;
				GCC_WARN_ABOUT_RETURN_TYPE = YES_ERROR;
				GCC_WARN_UNDECLARED_SELECTOR = YES;
				GCC_WARN_UNINITIALIZED_AUTOS = YES_AGGRESSIVE;
				GCC_WARN_UNUSED_FUNCTION = YES;
				GCC_WARN_UNUSED_VARIABLE = YES;
				MACOSX_DEPLOYMENT_TARGET = 10.15;
				MTL_ENABLE_DEBUG_INFO = INCLUDE_SOURCE;
				MTL_FAST_MATH = YES;
				ONLY_ACTIVE_ARCH = YES;
				SDKROOT = macosx;
				SWIFT_ACTIVE_COMPILATION_CONDITIONS = DEBUG;
				SWIFT_OPTIMIZATION_LEVEL = "-Onone";
			};
			name = Debug;
		};
		14FC6347247C9FE500E9B7BA /* Release */ = {
			isa = XCBuildConfiguration;
			buildSettings = {
				ALWAYS_SEARCH_USER_PATHS = NO;
				CLANG_ANALYZER_NONNULL = YES;
				CLANG_ANALYZER_NUMBER_OBJECT_CONVERSION = YES_AGGRESSIVE;
				CLANG_CXX_LANGUAGE_STANDARD = "gnu++14";
				CLANG_CXX_LIBRARY = "libc++";
				CLANG_ENABLE_MODULES = YES;
				CLANG_ENABLE_OBJC_ARC = YES;
				CLANG_ENABLE_OBJC_WEAK = YES;
				CLANG_WARN_BLOCK_CAPTURE_AUTORELEASING = YES;
				CLANG_WARN_BOOL_CONVERSION = YES;
				CLANG_WARN_COMMA = YES;
				CLANG_WARN_CONSTANT_CONVERSION = YES;
				CLANG_WARN_DEPRECATED_OBJC_IMPLEMENTATIONS = YES;
				CLANG_WARN_DIRECT_OBJC_ISA_USAGE = YES_ERROR;
				CLANG_WARN_DOCUMENTATION_COMMENTS = YES;
				CLANG_WARN_EMPTY_BODY = YES;
				CLANG_WARN_ENUM_CONVERSION = YES;
				CLANG_WARN_INFINITE_RECURSION = YES;
				CLANG_WARN_INT_CONVERSION = YES;
				CLANG_WARN_NON_LITERAL_NULL_CONVERSION = YES;
				CLANG_WARN_OBJC_IMPLICIT_RETAIN_SELF = YES;
				CLANG_WARN_OBJC_LITERAL_CONVERSION = YES;
				CLANG_WARN_OBJC_ROOT_CLASS = YES_ERROR;
				CLANG_WARN_QUOTED_INCLUDE_IN_FRAMEWORK_HEADER = YES;
				CLANG_WARN_RANGE_LOOP_ANALYSIS = YES;
				CLANG_WARN_STRICT_PROTOTYPES = YES;
				CLANG_WARN_SUSPICIOUS_MOVE = YES;
				CLANG_WARN_UNGUARDED_AVAILABILITY = YES_AGGRESSIVE;
				CLANG_WARN_UNREACHABLE_CODE = YES;
				CLANG_WARN__DUPLICATE_METHOD_MATCH = YES;
				COPY_PHASE_STRIP = NO;
				DEBUG_INFORMATION_FORMAT = "dwarf-with-dsym";
				ENABLE_NS_ASSERTIONS = NO;
				ENABLE_STRICT_OBJC_MSGSEND = YES;
				GCC_C_LANGUAGE_STANDARD = gnu11;
				GCC_NO_COMMON_BLOCKS = YES;
				GCC_WARN_64_TO_32_BIT_CONVERSION = YES;
				GCC_WARN_ABOUT_RETURN_TYPE = YES_ERROR;
				GCC_WARN_UNDECLARED_SELECTOR = YES;
				GCC_WARN_UNINITIALIZED_AUTOS = YES_AGGRESSIVE;
				GCC_WARN_UNUSED_FUNCTION = YES;
				GCC_WARN_UNUSED_VARIABLE = YES;
				MACOSX_DEPLOYMENT_TARGET = 10.15;
				MTL_ENABLE_DEBUG_INFO = NO;
				MTL_FAST_MATH = YES;
				SDKROOT = macosx;
				SWIFT_COMPILATION_MODE = wholemodule;
				SWIFT_OPTIMIZATION_LEVEL = "-O";
			};
			name = Release;
		};
		14FC6349247C9FE500E9B7BA /* Debug */ = {
			isa = XCBuildConfiguration;
			buildSettings = {
				ASSETCATALOG_COMPILER_APPICON_NAME = AppIcon;
				CODE_SIGN_ENTITLEMENTS = RXd/RXd.entitlements;
				CODE_SIGN_IDENTITY = "Apple Development";
				CODE_SIGN_STYLE = Automatic;
				COMBINE_HIDPI_IMAGES = YES;
				DEVELOPMENT_TEAM = 72S993BNAV;
				ENABLE_HARDENED_RUNTIME = YES;
				INFOPLIST_FILE = RXd/Info.plist;
				LD_RUNPATH_SEARCH_PATHS = (
					"$(inherited)",
					"@executable_path/../Frameworks",
				);
				PRODUCT_BUNDLE_IDENTIFIER = com.andrewfinke.RXd;
				PRODUCT_NAME = "$(TARGET_NAME)";
				SWIFT_VERSION = 5.0;
			};
			name = Debug;
		};
		14FC634A247C9FE500E9B7BA /* Release */ = {
			isa = XCBuildConfiguration;
			buildSettings = {
				ASSETCATALOG_COMPILER_APPICON_NAME = AppIcon;
				CODE_SIGN_ENTITLEMENTS = RXd/RXd.entitlements;
				CODE_SIGN_IDENTITY = "Apple Development";
				CODE_SIGN_STYLE = Automatic;
				COMBINE_HIDPI_IMAGES = YES;
				DEVELOPMENT_TEAM = 72S993BNAV;
				ENABLE_HARDENED_RUNTIME = YES;
				INFOPLIST_FILE = RXd/Info.plist;
				LD_RUNPATH_SEARCH_PATHS = (
					"$(inherited)",
					"@executable_path/../Frameworks",
				);
				PRODUCT_BUNDLE_IDENTIFIER = com.andrewfinke.RXd;
				PRODUCT_NAME = "$(TARGET_NAME)";
				SWIFT_VERSION = 5.0;
			};
			name = Release;
		};
/* End XCBuildConfiguration section */

/* Begin XCConfigurationList section */
		14FC6333247C9FE500E9B7BA /* Build configuration list for PBXProject "RXd" */ = {
			isa = XCConfigurationList;
			buildConfigurations = (
				14FC6346247C9FE500E9B7BA /* Debug */,
				14FC6347247C9FE500E9B7BA /* Release */,
			);
			defaultConfigurationIsVisible = 0;
			defaultConfigurationName = Release;
		};
		14FC6348247C9FE500E9B7BA /* Build configuration list for PBXNativeTarget "RXd" */ = {
			isa = XCConfigurationList;
			buildConfigurations = (
				14FC6349247C9FE500E9B7BA /* Debug */,
				14FC634A247C9FE500E9B7BA /* Release */,
			);
			defaultConfigurationIsVisible = 0;
			defaultConfigurationName = Release;
		};
/* End XCConfigurationList section */
	};
	rootObject = 14FC6330247C9FE500E9B7BA /* Project object */;
}
